// !$*UTF8*$!
{
	archiveVersion = 1;
	classes = {
	};
	objectVersion = 51;
	objects = {

/* Begin PBXBuildFile section */
		0C765A5975621EB182BF8618 /* Pods_Lingo_Chat.framework in Frameworks */ = {isa = PBXBuildFile; fileRef = 1C479774CD57B27FB6DFA0BB /* Pods_Lingo_Chat.framework */; };
		843B570524E3151D0035F4E6 /* DatabaseManager.swift in Sources */ = {isa = PBXBuildFile; fileRef = 843B570424E3151D0035F4E6 /* DatabaseManager.swift */; };
		8440B68C24F711540045ADE4 /* FileViewController.swift in Sources */ = {isa = PBXBuildFile; fileRef = 8440B68B24F711540045ADE4 /* FileViewController.swift */; };
		844382E424E46DA6001CFAC5 /* OnboardingViewController.swift in Sources */ = {isa = PBXBuildFile; fileRef = 844382E324E46DA6001CFAC5 /* OnboardingViewController.swift */; };
		8447F5D624F1F48A0067970F /* LocationViewController.swift in Sources */ = {isa = PBXBuildFile; fileRef = 8447F5D524F1F48A0067970F /* LocationViewController.swift */; };
		8447F76E24E5C43F00F39213 /* StorageManager.swift in Sources */ = {isa = PBXBuildFile; fileRef = 8447F76D24E5C43F00F39213 /* StorageManager.swift */; };
		84490E1924EB7F390012D259 /* UIStoryboardSegueWithCompletion.swift in Sources */ = {isa = PBXBuildFile; fileRef = 84490E1824EB7F390012D259 /* UIStoryboardSegueWithCompletion.swift */; };
		84498BBF24E48D6500CC9985 /* Extensions.swift in Sources */ = {isa = PBXBuildFile; fileRef = 84498BBE24E48D6500CC9985 /* Extensions.swift */; };
		84498BC324E4DD0900CC9985 /* ChatsTableViewCell.swift in Sources */ = {isa = PBXBuildFile; fileRef = 84498BC224E4DD0900CC9985 /* ChatsTableViewCell.swift */; };
		844D0FA224F3047F00FD49BD /* Localizable.strings in Resources */ = {isa = PBXBuildFile; fileRef = 844D0FA424F3047F00FD49BD /* Localizable.strings */; };
		845141A224E8610E0077213B /* SettingsTableViewCell.swift in Sources */ = {isa = PBXBuildFile; fileRef = 845141A124E8610E0077213B /* SettingsTableViewCell.swift */; };
		845141A624E8D5C60077213B /* ContactsHelper.swift in Sources */ = {isa = PBXBuildFile; fileRef = 845141A524E8D5C60077213B /* ContactsHelper.swift */; };
		8473DE3C24E0C6930039D437 /* AppDelegate.swift in Sources */ = {isa = PBXBuildFile; fileRef = 8473DE3B24E0C6930039D437 /* AppDelegate.swift */; };
		8473DE3E24E0C6930039D437 /* SceneDelegate.swift in Sources */ = {isa = PBXBuildFile; fileRef = 8473DE3D24E0C6930039D437 /* SceneDelegate.swift */; };
		8473DE4024E0C6930039D437 /* ChatsViewController.swift in Sources */ = {isa = PBXBuildFile; fileRef = 8473DE3F24E0C6930039D437 /* ChatsViewController.swift */; };
		8473DE4324E0C6930039D437 /* Main.storyboard in Resources */ = {isa = PBXBuildFile; fileRef = 8473DE4124E0C6930039D437 /* Main.storyboard */; };
		8473DE4524E0C6950039D437 /* Assets.xcassets in Resources */ = {isa = PBXBuildFile; fileRef = 8473DE4424E0C6950039D437 /* Assets.xcassets */; };
		8473DE4824E0C6950039D437 /* LaunchScreen.storyboard in Resources */ = {isa = PBXBuildFile; fileRef = 8473DE4624E0C6950039D437 /* LaunchScreen.storyboard */; };
		8473DE6424E0C8340039D437 /* LoginViewController.swift in Sources */ = {isa = PBXBuildFile; fileRef = 8473DE6324E0C8340039D437 /* LoginViewController.swift */; };
		8473DE6624E0C8460039D437 /* SignupViewController.swift in Sources */ = {isa = PBXBuildFile; fileRef = 8473DE6524E0C8460039D437 /* SignupViewController.swift */; };
		8473DE6824E0C8C10039D437 /* PhotoViewController.swift in Sources */ = {isa = PBXBuildFile; fileRef = 8473DE6724E0C8C10039D437 /* PhotoViewController.swift */; };
		8473DE6A24E0C8E70039D437 /* VideoViewController.swift in Sources */ = {isa = PBXBuildFile; fileRef = 8473DE6924E0C8E70039D437 /* VideoViewController.swift */; };
		8473DE6C24E0C9090039D437 /* ContactsViewController.swift in Sources */ = {isa = PBXBuildFile; fileRef = 8473DE6B24E0C9090039D437 /* ContactsViewController.swift */; };
		8473DE6E24E0C9250039D437 /* SettingsViewController.swift in Sources */ = {isa = PBXBuildFile; fileRef = 8473DE6D24E0C9250039D437 /* SettingsViewController.swift */; };
		84D8BB0324E1E406009A78FA /* AnimatedLogoViewController.swift in Sources */ = {isa = PBXBuildFile; fileRef = 84D8BB0224E1E406009A78FA /* AnimatedLogoViewController.swift */; };
		84D8BB0524E20552009A78FA /* GoogleService-Info.plist in Resources */ = {isa = PBXBuildFile; fileRef = 84D8BB0424E20552009A78FA /* GoogleService-Info.plist */; };
		84F1673124EA2E6F004F5365 /* ContactsTableViewCell.swift in Sources */ = {isa = PBXBuildFile; fileRef = 84F1673024EA2E6F004F5365 /* ContactsTableViewCell.swift */; };
		84F6D9F324EF174E00B7BC16 /* ConversationViewController.swift in Sources */ = {isa = PBXBuildFile; fileRef = 84498BC024E49E9700CC9985 /* ConversationViewController.swift */; };
/* End PBXBuildFile section */

/* Begin PBXFileReference section */
		08C3180B5485D5EF52EC87A8 /* Pods-Lingo Chat.release.xcconfig */ = {isa = PBXFileReference; includeInIndex = 1; lastKnownFileType = text.xcconfig; name = "Pods-Lingo Chat.release.xcconfig"; path = "Target Support Files/Pods-Lingo Chat/Pods-Lingo Chat.release.xcconfig"; sourceTree = "<group>"; };
		1C479774CD57B27FB6DFA0BB /* Pods_Lingo_Chat.framework */ = {isa = PBXFileReference; explicitFileType = wrapper.framework; includeInIndex = 0; path = Pods_Lingo_Chat.framework; sourceTree = BUILT_PRODUCTS_DIR; };
		36B7FC92161552A3121063E2 /* Pods-Lingo Chat.debug.xcconfig */ = {isa = PBXFileReference; includeInIndex = 1; lastKnownFileType = text.xcconfig; name = "Pods-Lingo Chat.debug.xcconfig"; path = "Target Support Files/Pods-Lingo Chat/Pods-Lingo Chat.debug.xcconfig"; sourceTree = "<group>"; };
		843B570424E3151D0035F4E6 /* DatabaseManager.swift */ = {isa = PBXFileReference; lastKnownFileType = sourcecode.swift; path = DatabaseManager.swift; sourceTree = "<group>"; };
		8440B68B24F711540045ADE4 /* FileViewController.swift */ = {isa = PBXFileReference; lastKnownFileType = sourcecode.swift; path = FileViewController.swift; sourceTree = "<group>"; };
		844382E224E45C31001CFAC5 /* Lingo Chat.entitlements */ = {isa = PBXFileReference; lastKnownFileType = text.plist.entitlements; path = "Lingo Chat.entitlements"; sourceTree = "<group>"; };
		844382E324E46DA6001CFAC5 /* OnboardingViewController.swift */ = {isa = PBXFileReference; lastKnownFileType = sourcecode.swift; path = OnboardingViewController.swift; sourceTree = "<group>"; };
		8447F5D524F1F48A0067970F /* LocationViewController.swift */ = {isa = PBXFileReference; lastKnownFileType = sourcecode.swift; path = LocationViewController.swift; sourceTree = "<group>"; };
		8447F76D24E5C43F00F39213 /* StorageManager.swift */ = {isa = PBXFileReference; lastKnownFileType = sourcecode.swift; path = StorageManager.swift; sourceTree = "<group>"; };
		84490E1824EB7F390012D259 /* UIStoryboardSegueWithCompletion.swift */ = {isa = PBXFileReference; lastKnownFileType = sourcecode.swift; path = UIStoryboardSegueWithCompletion.swift; sourceTree = "<group>"; };
		84498BBE24E48D6500CC9985 /* Extensions.swift */ = {isa = PBXFileReference; lastKnownFileType = sourcecode.swift; path = Extensions.swift; sourceTree = "<group>"; };
		84498BC024E49E9700CC9985 /* ConversationViewController.swift */ = {isa = PBXFileReference; lastKnownFileType = sourcecode.swift; path = ConversationViewController.swift; sourceTree = "<group>"; };
		84498BC224E4DD0900CC9985 /* ChatsTableViewCell.swift */ = {isa = PBXFileReference; lastKnownFileType = sourcecode.swift; path = ChatsTableViewCell.swift; sourceTree = "<group>"; };
		844D0FA324F3047F00FD49BD /* en */ = {isa = PBXFileReference; lastKnownFileType = text.plist.strings; name = en; path = en.lproj/Localizable.strings; sourceTree = "<group>"; };
		844D0FA524F3048300FD49BD /* fr */ = {isa = PBXFileReference; lastKnownFileType = text.plist.strings; name = fr; path = fr.lproj/Localizable.strings; sourceTree = "<group>"; };
		844D0FA624F3048400FD49BD /* de */ = {isa = PBXFileReference; lastKnownFileType = text.plist.strings; name = de; path = de.lproj/Localizable.strings; sourceTree = "<group>"; };
		844D0FA724F3048500FD49BD /* hi */ = {isa = PBXFileReference; lastKnownFileType = text.plist.strings; name = hi; path = hi.lproj/Localizable.strings; sourceTree = "<group>"; };
		844D0FA824F3048600FD49BD /* es */ = {isa = PBXFileReference; lastKnownFileType = text.plist.strings; name = es; path = es.lproj/Localizable.strings; sourceTree = "<group>"; };
		845141A124E8610E0077213B /* SettingsTableViewCell.swift */ = {isa = PBXFileReference; lastKnownFileType = sourcecode.swift; path = SettingsTableViewCell.swift; sourceTree = "<group>"; };
		845141A524E8D5C60077213B /* ContactsHelper.swift */ = {isa = PBXFileReference; lastKnownFileType = sourcecode.swift; path = ContactsHelper.swift; sourceTree = "<group>"; };
		8473DE3824E0C6930039D437 /* Lingo Chat.app */ = {isa = PBXFileReference; explicitFileType = wrapper.application; includeInIndex = 0; path = "Lingo Chat.app"; sourceTree = BUILT_PRODUCTS_DIR; };
		8473DE3B24E0C6930039D437 /* AppDelegate.swift */ = {isa = PBXFileReference; lastKnownFileType = sourcecode.swift; path = AppDelegate.swift; sourceTree = "<group>"; };
		8473DE3D24E0C6930039D437 /* SceneDelegate.swift */ = {isa = PBXFileReference; lastKnownFileType = sourcecode.swift; path = SceneDelegate.swift; sourceTree = "<group>"; };
		8473DE3F24E0C6930039D437 /* ChatsViewController.swift */ = {isa = PBXFileReference; lastKnownFileType = sourcecode.swift; path = ChatsViewController.swift; sourceTree = "<group>"; };
		8473DE4224E0C6930039D437 /* Base */ = {isa = PBXFileReference; lastKnownFileType = file.storyboard; name = Base; path = Base.lproj/Main.storyboard; sourceTree = "<group>"; };
		8473DE4424E0C6950039D437 /* Assets.xcassets */ = {isa = PBXFileReference; lastKnownFileType = folder.assetcatalog; path = Assets.xcassets; sourceTree = "<group>"; };
		8473DE4724E0C6950039D437 /* Base */ = {isa = PBXFileReference; lastKnownFileType = file.storyboard; name = Base; path = Base.lproj/LaunchScreen.storyboard; sourceTree = "<group>"; };
		8473DE4924E0C6950039D437 /* Info.plist */ = {isa = PBXFileReference; lastKnownFileType = text.plist.xml; path = Info.plist; sourceTree = "<group>"; };
		8473DE4F24E0C6B80039D437 /* es */ = {isa = PBXFileReference; lastKnownFileType = text.plist.strings; name = es; path = es.lproj/Main.strings; sourceTree = "<group>"; };
		8473DE5024E0C6B80039D437 /* es */ = {isa = PBXFileReference; lastKnownFileType = text.plist.strings; name = es; path = es.lproj/LaunchScreen.strings; sourceTree = "<group>"; };
		8473DE5124E0C6BE0039D437 /* fr */ = {isa = PBXFileReference; lastKnownFileType = text.plist.strings; name = fr; path = fr.lproj/Main.strings; sourceTree = "<group>"; };
		8473DE5224E0C6BE0039D437 /* fr */ = {isa = PBXFileReference; lastKnownFileType = text.plist.strings; name = fr; path = fr.lproj/LaunchScreen.strings; sourceTree = "<group>"; };
		8473DE5324E0C6C60039D437 /* de */ = {isa = PBXFileReference; lastKnownFileType = text.plist.strings; name = de; path = de.lproj/Main.strings; sourceTree = "<group>"; };
		8473DE5424E0C6C60039D437 /* de */ = {isa = PBXFileReference; lastKnownFileType = text.plist.strings; name = de; path = de.lproj/LaunchScreen.strings; sourceTree = "<group>"; };
		8473DE5524E0C6D40039D437 /* hi */ = {isa = PBXFileReference; lastKnownFileType = text.plist.strings; name = hi; path = hi.lproj/Main.strings; sourceTree = "<group>"; };
		8473DE5624E0C6D40039D437 /* hi */ = {isa = PBXFileReference; lastKnownFileType = text.plist.strings; name = hi; path = hi.lproj/LaunchScreen.strings; sourceTree = "<group>"; };
		8473DE5824E0C6EC0039D437 /* en */ = {isa = PBXFileReference; lastKnownFileType = text.plist.strings; name = en; path = en.lproj/Main.strings; sourceTree = "<group>"; };
		8473DE5C24E0C7190039D437 /* en */ = {isa = PBXFileReference; lastKnownFileType = text.plist.strings; name = en; path = en.lproj/LaunchScreen.strings; sourceTree = "<group>"; };
		8473DE6324E0C8340039D437 /* LoginViewController.swift */ = {isa = PBXFileReference; lastKnownFileType = sourcecode.swift; path = LoginViewController.swift; sourceTree = "<group>"; };
		8473DE6524E0C8460039D437 /* SignupViewController.swift */ = {isa = PBXFileReference; lastKnownFileType = sourcecode.swift; path = SignupViewController.swift; sourceTree = "<group>"; };
		8473DE6724E0C8C10039D437 /* PhotoViewController.swift */ = {isa = PBXFileReference; lastKnownFileType = sourcecode.swift; path = PhotoViewController.swift; sourceTree = "<group>"; };
		8473DE6924E0C8E70039D437 /* VideoViewController.swift */ = {isa = PBXFileReference; lastKnownFileType = sourcecode.swift; path = VideoViewController.swift; sourceTree = "<group>"; };
		8473DE6B24E0C9090039D437 /* ContactsViewController.swift */ = {isa = PBXFileReference; lastKnownFileType = sourcecode.swift; path = ContactsViewController.swift; sourceTree = "<group>"; };
		8473DE6D24E0C9250039D437 /* SettingsViewController.swift */ = {isa = PBXFileReference; lastKnownFileType = sourcecode.swift; path = SettingsViewController.swift; sourceTree = "<group>"; };
		84D8BB0224E1E406009A78FA /* AnimatedLogoViewController.swift */ = {isa = PBXFileReference; lastKnownFileType = sourcecode.swift; path = AnimatedLogoViewController.swift; sourceTree = "<group>"; };
		84D8BB0424E20552009A78FA /* GoogleService-Info.plist */ = {isa = PBXFileReference; fileEncoding = 4; lastKnownFileType = text.plist.xml; name = "GoogleService-Info.plist"; path = "../../../Downloads/GoogleService-Info.plist"; sourceTree = "<group>"; };
		84F1673024EA2E6F004F5365 /* ContactsTableViewCell.swift */ = {isa = PBXFileReference; lastKnownFileType = sourcecode.swift; path = ContactsTableViewCell.swift; sourceTree = "<group>"; };
/* End PBXFileReference section */

/* Begin PBXFrameworksBuildPhase section */
		8473DE3524E0C6930039D437 /* Frameworks */ = {
			isa = PBXFrameworksBuildPhase;
			buildActionMask = 2147483647;
			files = (
				0C765A5975621EB182BF8618 /* Pods_Lingo_Chat.framework in Frameworks */,
			);
			runOnlyForDeploymentPostprocessing = 0;
		};
/* End PBXFrameworksBuildPhase section */

/* Begin PBXGroup section */
		8473DE2F24E0C6930039D437 = {
			isa = PBXGroup;
			children = (
				8473DE3A24E0C6930039D437 /* Lingo Chat */,
				8473DE3924E0C6930039D437 /* Products */,
				9C564CB0CF118BC14BEFF886 /* Pods */,
				A15AA014D82A4686A6AFAFC4 /* Frameworks */,
			);
			sourceTree = "<group>";
		};
		8473DE3924E0C6930039D437 /* Products */ = {
			isa = PBXGroup;
			children = (
				8473DE3824E0C6930039D437 /* Lingo Chat.app */,
			);
			name = Products;
			sourceTree = "<group>";
		};
		8473DE3A24E0C6930039D437 /* Lingo Chat */ = {
			isa = PBXGroup;
			children = (
				844382E224E45C31001CFAC5 /* Lingo Chat.entitlements */,
				8473DE6124E0C7AE0039D437 /* Controllers */,
				8473DE6024E0C7940039D437 /* ViewModels */,
				8473DE5F24E0C78D0039D437 /* Models */,
				8473DE5E24E0C7850039D437 /* Views */,
				8473DE5D24E0C76F0039D437 /* Resources */,
				8473DE4924E0C6950039D437 /* Info.plist */,
				84D8BB0424E20552009A78FA /* GoogleService-Info.plist */,
				844D0FA424F3047F00FD49BD /* Localizable.strings */,
			);
			path = "Lingo Chat";
			sourceTree = "<group>";
		};
		8473DE5D24E0C76F0039D437 /* Resources */ = {
			isa = PBXGroup;
			children = (
				8473DE3B24E0C6930039D437 /* AppDelegate.swift */,
				8473DE3D24E0C6930039D437 /* SceneDelegate.swift */,
				843B570424E3151D0035F4E6 /* DatabaseManager.swift */,
				84498BBE24E48D6500CC9985 /* Extensions.swift */,
				8447F76D24E5C43F00F39213 /* StorageManager.swift */,
				845141A524E8D5C60077213B /* ContactsHelper.swift */,
				84490E1824EB7F390012D259 /* UIStoryboardSegueWithCompletion.swift */,
			);
			path = Resources;
			sourceTree = "<group>";
		};
		8473DE5E24E0C7850039D437 /* Views */ = {
			isa = PBXGroup;
			children = (
				8473DE6F24E0C9320039D437 /* Storyboards */,
				8473DE4424E0C6950039D437 /* Assets.xcassets */,
			);
			path = Views;
			sourceTree = "<group>";
		};
		8473DE5F24E0C78D0039D437 /* Models */ = {
			isa = PBXGroup;
			children = (
				84498BC224E4DD0900CC9985 /* ChatsTableViewCell.swift */,
				845141A124E8610E0077213B /* SettingsTableViewCell.swift */,
				84F1673024EA2E6F004F5365 /* ContactsTableViewCell.swift */,
			);
			path = Models;
			sourceTree = "<group>";
		};
		8473DE6024E0C7940039D437 /* ViewModels */ = {
			isa = PBXGroup;
			children = (
			);
			path = ViewModels;
			sourceTree = "<group>";
		};
		8473DE6124E0C7AE0039D437 /* Controllers */ = {
			isa = PBXGroup;
			children = (
				8473DE6224E0C7F00039D437 /* LoginAndSignup */,
				8473DE3F24E0C6930039D437 /* ChatsViewController.swift */,
				8440B68B24F711540045ADE4 /* FileViewController.swift */,
				8473DE6924E0C8E70039D437 /* VideoViewController.swift */,
				8473DE6724E0C8C10039D437 /* PhotoViewController.swift */,
				8447F5D524F1F48A0067970F /* LocationViewController.swift */,
				8473DE6B24E0C9090039D437 /* ContactsViewController.swift */,
				8473DE6D24E0C9250039D437 /* SettingsViewController.swift */,
				84D8BB0224E1E406009A78FA /* AnimatedLogoViewController.swift */,
				844382E324E46DA6001CFAC5 /* OnboardingViewController.swift */,
				84498BC024E49E9700CC9985 /* ConversationViewController.swift */,
			);
			path = Controllers;
			sourceTree = "<group>";
		};
		8473DE6224E0C7F00039D437 /* LoginAndSignup */ = {
			isa = PBXGroup;
			children = (
				8473DE6324E0C8340039D437 /* LoginViewController.swift */,
				8473DE6524E0C8460039D437 /* SignupViewController.swift */,
			);
			path = LoginAndSignup;
			sourceTree = "<group>";
		};
		8473DE6F24E0C9320039D437 /* Storyboards */ = {
			isa = PBXGroup;
			children = (
				8473DE4124E0C6930039D437 /* Main.storyboard */,
				8473DE4624E0C6950039D437 /* LaunchScreen.storyboard */,
			);
			path = Storyboards;
			sourceTree = "<group>";
		};
		9C564CB0CF118BC14BEFF886 /* Pods */ = {
			isa = PBXGroup;
			children = (
				36B7FC92161552A3121063E2 /* Pods-Lingo Chat.debug.xcconfig */,
				08C3180B5485D5EF52EC87A8 /* Pods-Lingo Chat.release.xcconfig */,
			);
			path = Pods;
			sourceTree = "<group>";
		};
		A15AA014D82A4686A6AFAFC4 /* Frameworks */ = {
			isa = PBXGroup;
			children = (
				1C479774CD57B27FB6DFA0BB /* Pods_Lingo_Chat.framework */,
			);
			name = Frameworks;
			sourceTree = "<group>";
		};
/* End PBXGroup section */

/* Begin PBXNativeTarget section */
		8473DE3724E0C6930039D437 /* Lingo Chat */ = {
			isa = PBXNativeTarget;
			buildConfigurationList = 8473DE4C24E0C6950039D437 /* Build configuration list for PBXNativeTarget "Lingo Chat" */;
			buildPhases = (
				F61B8F4CC8A2C9C256D01DAE /* [CP] Check Pods Manifest.lock */,
				8473DE3424E0C6930039D437 /* Sources */,
				8473DE3524E0C6930039D437 /* Frameworks */,
				8473DE3624E0C6930039D437 /* Resources */,
				C6493AA5170E4230D4E554C9 /* [CP] Embed Pods Frameworks */,
				B38506755F6C81897E97BCFD /* [CP] Copy Pods Resources */,
			);
			buildRules = (
			);
			dependencies = (
			);
			name = "Lingo Chat";
			productName = "Lingo Chat";
			productReference = 8473DE3824E0C6930039D437 /* Lingo Chat.app */;
			productType = "com.apple.product-type.application";
		};
/* End PBXNativeTarget section */

/* Begin PBXProject section */
		8473DE3024E0C6930039D437 /* Project object */ = {
			isa = PBXProject;
			attributes = {
				LastSwiftUpdateCheck = 1160;
				LastUpgradeCheck = 1160;
				ORGANIZATIONNAME = Chetan;
				TargetAttributes = {
					8473DE3724E0C6930039D437 = {
						CreatedOnToolsVersion = 11.6;
					};
				};
			};
			buildConfigurationList = 8473DE3324E0C6930039D437 /* Build configuration list for PBXProject "Lingo Chat" */;
			compatibilityVersion = "Xcode 9.3";
			developmentRegion = en;
			hasScannedForEncodings = 0;
			knownRegions = (
				en,
				Base,
				es,
				fr,
				de,
				hi,
			);
			mainGroup = 8473DE2F24E0C6930039D437;
			productRefGroup = 8473DE3924E0C6930039D437 /* Products */;
			projectDirPath = "";
			projectRoot = "";
			targets = (
				8473DE3724E0C6930039D437 /* Lingo Chat */,
			);
		};
/* End PBXProject section */

/* Begin PBXResourcesBuildPhase section */
		8473DE3624E0C6930039D437 /* Resources */ = {
			isa = PBXResourcesBuildPhase;
			buildActionMask = 2147483647;
			files = (
				844D0FA224F3047F00FD49BD /* Localizable.strings in Resources */,
				8473DE4824E0C6950039D437 /* LaunchScreen.storyboard in Resources */,
				84D8BB0524E20552009A78FA /* GoogleService-Info.plist in Resources */,
				8473DE4524E0C6950039D437 /* Assets.xcassets in Resources */,
				8473DE4324E0C6930039D437 /* Main.storyboard in Resources */,
			);
			runOnlyForDeploymentPostprocessing = 0;
		};
/* End PBXResourcesBuildPhase section */

/* Begin PBXShellScriptBuildPhase section */
		B38506755F6C81897E97BCFD /* [CP] Copy Pods Resources */ = {
			isa = PBXShellScriptBuildPhase;
			buildActionMask = 2147483647;
			files = (
			);
			inputFileListPaths = (
				"${PODS_ROOT}/Target Support Files/Pods-Lingo Chat/Pods-Lingo Chat-resources-${CONFIGURATION}-input-files.xcfilelist",
			);
			name = "[CP] Copy Pods Resources";
			outputFileListPaths = (
				"${PODS_ROOT}/Target Support Files/Pods-Lingo Chat/Pods-Lingo Chat-resources-${CONFIGURATION}-output-files.xcfilelist",
			);
			runOnlyForDeploymentPostprocessing = 0;
			shellPath = /bin/sh;
			shellScript = "\"${PODS_ROOT}/Target Support Files/Pods-Lingo Chat/Pods-Lingo Chat-resources.sh\"\n";
			showEnvVarsInLog = 0;
		};
		C6493AA5170E4230D4E554C9 /* [CP] Embed Pods Frameworks */ = {
			isa = PBXShellScriptBuildPhase;
			buildActionMask = 2147483647;
			files = (
			);
			inputFileListPaths = (
				"${PODS_ROOT}/Target Support Files/Pods-Lingo Chat/Pods-Lingo Chat-frameworks-${CONFIGURATION}-input-files.xcfilelist",
			);
			name = "[CP] Embed Pods Frameworks";
			outputFileListPaths = (
				"${PODS_ROOT}/Target Support Files/Pods-Lingo Chat/Pods-Lingo Chat-frameworks-${CONFIGURATION}-output-files.xcfilelist",
			);
			runOnlyForDeploymentPostprocessing = 0;
			shellPath = /bin/sh;
			shellScript = "\"${PODS_ROOT}/Target Support Files/Pods-Lingo Chat/Pods-Lingo Chat-frameworks.sh\"\n";
			showEnvVarsInLog = 0;
		};
		F61B8F4CC8A2C9C256D01DAE /* [CP] Check Pods Manifest.lock */ = {
			isa = PBXShellScriptBuildPhase;
			buildActionMask = 2147483647;
			files = (
			);
			inputFileListPaths = (
			);
			inputPaths = (
				"${PODS_PODFILE_DIR_PATH}/Podfile.lock",
				"${PODS_ROOT}/Manifest.lock",
			);
			name = "[CP] Check Pods Manifest.lock";
			outputFileListPaths = (
			);
			outputPaths = (
				"$(DERIVED_FILE_DIR)/Pods-Lingo Chat-checkManifestLockResult.txt",
			);
			runOnlyForDeploymentPostprocessing = 0;
			shellPath = /bin/sh;
			shellScript = "diff \"${PODS_PODFILE_DIR_PATH}/Podfile.lock\" \"${PODS_ROOT}/Manifest.lock\" > /dev/null\nif [ $? != 0 ] ; then\n    # print error to STDERR\n    echo \"error: The sandbox is not in sync with the Podfile.lock. Run 'pod install' or update your CocoaPods installation.\" >&2\n    exit 1\nfi\n# This output is used by Xcode 'outputs' to avoid re-running this script phase.\necho \"SUCCESS\" > \"${SCRIPT_OUTPUT_FILE_0}\"\n";
			showEnvVarsInLog = 0;
		};
/* End PBXShellScriptBuildPhase section */

/* Begin PBXSourcesBuildPhase section */
		8473DE3424E0C6930039D437 /* Sources */ = {
			isa = PBXSourcesBuildPhase;
			buildActionMask = 2147483647;
			files = (
				8447F5D624F1F48A0067970F /* LocationViewController.swift in Sources */,
				845141A624E8D5C60077213B /* ContactsHelper.swift in Sources */,
				84490E1924EB7F390012D259 /* UIStoryboardSegueWithCompletion.swift in Sources */,
				84F6D9F324EF174E00B7BC16 /* ConversationViewController.swift in Sources */,
				84498BC324E4DD0900CC9985 /* ChatsTableViewCell.swift in Sources */,
				8473DE6424E0C8340039D437 /* LoginViewController.swift in Sources */,
				843B570524E3151D0035F4E6 /* DatabaseManager.swift in Sources */,
				8473DE6A24E0C8E70039D437 /* VideoViewController.swift in Sources */,
				8473DE4024E0C6930039D437 /* ChatsViewController.swift in Sources */,
				8473DE6624E0C8460039D437 /* SignupViewController.swift in Sources */,
				8473DE3C24E0C6930039D437 /* AppDelegate.swift in Sources */,
				8473DE6C24E0C9090039D437 /* ContactsViewController.swift in Sources */,
				84F1673124EA2E6F004F5365 /* ContactsTableViewCell.swift in Sources */,
				844382E424E46DA6001CFAC5 /* OnboardingViewController.swift in Sources */,
				84498BBF24E48D6500CC9985 /* Extensions.swift in Sources */,
				845141A224E8610E0077213B /* SettingsTableViewCell.swift in Sources */,
				84D8BB0324E1E406009A78FA /* AnimatedLogoViewController.swift in Sources */,
				8473DE3E24E0C6930039D437 /* SceneDelegate.swift in Sources */,
				8440B68C24F711540045ADE4 /* FileViewController.swift in Sources */,
				8473DE6824E0C8C10039D437 /* PhotoViewController.swift in Sources */,
				8473DE6E24E0C9250039D437 /* SettingsViewController.swift in Sources */,
				8447F76E24E5C43F00F39213 /* StorageManager.swift in Sources */,
			);
			runOnlyForDeploymentPostprocessing = 0;
		};
/* End PBXSourcesBuildPhase section */

/* Begin PBXVariantGroup section */
		844D0FA424F3047F00FD49BD /* Localizable.strings */ = {
			isa = PBXVariantGroup;
			children = (
				844D0FA324F3047F00FD49BD /* en */,
				844D0FA524F3048300FD49BD /* fr */,
				844D0FA624F3048400FD49BD /* de */,
				844D0FA724F3048500FD49BD /* hi */,
				844D0FA824F3048600FD49BD /* es */,
			);
			name = Localizable.strings;
			sourceTree = "<group>";
		};
		8473DE4124E0C6930039D437 /* Main.storyboard */ = {
			isa = PBXVariantGroup;
			children = (
				8473DE4224E0C6930039D437 /* Base */,
				8473DE4F24E0C6B80039D437 /* es */,
				8473DE5124E0C6BE0039D437 /* fr */,
				8473DE5324E0C6C60039D437 /* de */,
				8473DE5524E0C6D40039D437 /* hi */,
				8473DE5824E0C6EC0039D437 /* en */,
			);
			name = Main.storyboard;
			sourceTree = "<group>";
		};
		8473DE4624E0C6950039D437 /* LaunchScreen.storyboard */ = {
			isa = PBXVariantGroup;
			children = (
				8473DE4724E0C6950039D437 /* Base */,
				8473DE5024E0C6B80039D437 /* es */,
				8473DE5224E0C6BE0039D437 /* fr */,
				8473DE5424E0C6C60039D437 /* de */,
				8473DE5624E0C6D40039D437 /* hi */,
				8473DE5C24E0C7190039D437 /* en */,
			);
			name = LaunchScreen.storyboard;
			sourceTree = "<group>";
		};
/* End PBXVariantGroup section */

/* Begin XCBuildConfiguration section */
		8473DE4A24E0C6950039D437 /* Debug */ = {
			isa = XCBuildConfiguration;
			buildSettings = {
				ALWAYS_SEARCH_USER_PATHS = NO;
				CLANG_ANALYZER_LOCALIZABILITY_NONLOCALIZED = YES;
				CLANG_ANALYZER_NONNULL = YES;
				CLANG_ANALYZER_NUMBER_OBJECT_CONVERSION = YES_AGGRESSIVE;
				CLANG_CXX_LANGUAGE_STANDARD = "gnu++14";
				CLANG_CXX_LIBRARY = "libc++";
				CLANG_ENABLE_MODULES = YES;
				CLANG_ENABLE_OBJC_ARC = YES;
				CLANG_ENABLE_OBJC_WEAK = YES;
				CLANG_WARN_BLOCK_CAPTURE_AUTORELEASING = YES;
				CLANG_WARN_BOOL_CONVERSION = YES;
				CLANG_WARN_COMMA = YES;
				CLANG_WARN_CONSTANT_CONVERSION = YES;
				CLANG_WARN_DEPRECATED_OBJC_IMPLEMENTATIONS = YES;
				CLANG_WARN_DIRECT_OBJC_ISA_USAGE = YES_ERROR;
				CLANG_WARN_DOCUMENTATION_COMMENTS = YES;
				CLANG_WARN_EMPTY_BODY = YES;
				CLANG_WARN_ENUM_CONVERSION = YES;
				CLANG_WARN_INFINITE_RECURSION = YES;
				CLANG_WARN_INT_CONVERSION = YES;
				CLANG_WARN_NON_LITERAL_NULL_CONVERSION = YES;
				CLANG_WARN_OBJC_IMPLICIT_RETAIN_SELF = YES;
				CLANG_WARN_OBJC_LITERAL_CONVERSION = YES;
				CLANG_WARN_OBJC_ROOT_CLASS = YES_ERROR;
				CLANG_WARN_RANGE_LOOP_ANALYSIS = YES;
				CLANG_WARN_STRICT_PROTOTYPES = YES;
				CLANG_WARN_SUSPICIOUS_MOVE = YES;
				CLANG_WARN_UNGUARDED_AVAILABILITY = YES_AGGRESSIVE;
				CLANG_WARN_UNREACHABLE_CODE = YES;
				CLANG_WARN__DUPLICATE_METHOD_MATCH = YES;
				COPY_PHASE_STRIP = NO;
				DEBUG_INFORMATION_FORMAT = dwarf;
				ENABLE_STRICT_OBJC_MSGSEND = YES;
				ENABLE_TESTABILITY = YES;
				GCC_C_LANGUAGE_STANDARD = gnu11;
				GCC_DYNAMIC_NO_PIC = NO;
				GCC_NO_COMMON_BLOCKS = YES;
				GCC_OPTIMIZATION_LEVEL = 0;
				GCC_PREPROCESSOR_DEFINITIONS = (
					"DEBUG=1",
					"$(inherited)",
				);
				GCC_WARN_64_TO_32_BIT_CONVERSION = YES;
				GCC_WARN_ABOUT_RETURN_TYPE = YES_ERROR;
				GCC_WARN_UNDECLARED_SELECTOR = YES;
				GCC_WARN_UNINITIALIZED_AUTOS = YES_AGGRESSIVE;
				GCC_WARN_UNUSED_FUNCTION = YES;
				GCC_WARN_UNUSED_VARIABLE = YES;
				IPHONEOS_DEPLOYMENT_TARGET = 13.0;
				MTL_ENABLE_DEBUG_INFO = INCLUDE_SOURCE;
				MTL_FAST_MATH = YES;
				ONLY_ACTIVE_ARCH = YES;
				SDKROOT = iphoneos;
				SWIFT_ACTIVE_COMPILATION_CONDITIONS = DEBUG;
				SWIFT_OPTIMIZATION_LEVEL = "-Onone";
			};
			name = Debug;
		};
		8473DE4B24E0C6950039D437 /* Release */ = {
			isa = XCBuildConfiguration;
			buildSettings = {
				ALWAYS_SEARCH_USER_PATHS = NO;
				CLANG_ANALYZER_LOCALIZABILITY_NONLOCALIZED = YES;
				CLANG_ANALYZER_NONNULL = YES;
				CLANG_ANALYZER_NUMBER_OBJECT_CONVERSION = YES_AGGRESSIVE;
				CLANG_CXX_LANGUAGE_STANDARD = "gnu++14";
				CLANG_CXX_LIBRARY = "libc++";
				CLANG_ENABLE_MODULES = YES;
				CLANG_ENABLE_OBJC_ARC = YES;
				CLANG_ENABLE_OBJC_WEAK = YES;
				CLANG_WARN_BLOCK_CAPTURE_AUTORELEASING = YES;
				CLANG_WARN_BOOL_CONVERSION = YES;
				CLANG_WARN_COMMA = YES;
				CLANG_WARN_CONSTANT_CONVERSION = YES;
				CLANG_WARN_DEPRECATED_OBJC_IMPLEMENTATIONS = YES;
				CLANG_WARN_DIRECT_OBJC_ISA_USAGE = YES_ERROR;
				CLANG_WARN_DOCUMENTATION_COMMENTS = YES;
				CLANG_WARN_EMPTY_BODY = YES;
				CLANG_WARN_ENUM_CONVERSION = YES;
				CLANG_WARN_INFINITE_RECURSION = YES;
				CLANG_WARN_INT_CONVERSION = YES;
				CLANG_WARN_NON_LITERAL_NULL_CONVERSION = YES;
				CLANG_WARN_OBJC_IMPLICIT_RETAIN_SELF = YES;
				CLANG_WARN_OBJC_LITERAL_CONVERSION = YES;
				CLANG_WARN_OBJC_ROOT_CLASS = YES_ERROR;
				CLANG_WARN_RANGE_LOOP_ANALYSIS = YES;
				CLANG_WARN_STRICT_PROTOTYPES = YES;
				CLANG_WARN_SUSPICIOUS_MOVE = YES;
				CLANG_WARN_UNGUARDED_AVAILABILITY = YES_AGGRESSIVE;
				CLANG_WARN_UNREACHABLE_CODE = YES;
				CLANG_WARN__DUPLICATE_METHOD_MATCH = YES;
				COPY_PHASE_STRIP = NO;
				DEBUG_INFORMATION_FORMAT = "dwarf-with-dsym";
				ENABLE_NS_ASSERTIONS = NO;
				ENABLE_STRICT_OBJC_MSGSEND = YES;
				GCC_C_LANGUAGE_STANDARD = gnu11;
				GCC_NO_COMMON_BLOCKS = YES;
				GCC_WARN_64_TO_32_BIT_CONVERSION = YES;
				GCC_WARN_ABOUT_RETURN_TYPE = YES_ERROR;
				GCC_WARN_UNDECLARED_SELECTOR = YES;
				GCC_WARN_UNINITIALIZED_AUTOS = YES_AGGRESSIVE;
				GCC_WARN_UNUSED_FUNCTION = YES;
				GCC_WARN_UNUSED_VARIABLE = YES;
				IPHONEOS_DEPLOYMENT_TARGET = 13.0;
				MTL_ENABLE_DEBUG_INFO = NO;
				MTL_FAST_MATH = YES;
				SDKROOT = iphoneos;
				SWIFT_COMPILATION_MODE = wholemodule;
				SWIFT_OPTIMIZATION_LEVEL = "-O";
				VALIDATE_PRODUCT = YES;
			};
			name = Release;
		};
		8473DE4D24E0C6950039D437 /* Debug */ = {
			isa = XCBuildConfiguration;
			baseConfigurationReference = 36B7FC92161552A3121063E2 /* Pods-Lingo Chat.debug.xcconfig */;
			buildSettings = {
				ASSETCATALOG_COMPILER_APPICON_NAME = AppIcon;
				CODE_SIGN_ENTITLEMENTS = "Lingo Chat/Lingo Chat.entitlements";
				CODE_SIGN_STYLE = Automatic;
				INFOPLIST_FILE = "Lingo Chat/Info.plist";
				LD_RUNPATH_SEARCH_PATHS = (
					"$(inherited)",
					"@executable_path/Frameworks",
				);
				PRODUCT_BUNDLE_IDENTIFIER = "myapps.Lingo-Chat";
				PRODUCT_NAME = "$(TARGET_NAME)";
				SWIFT_VERSION = 5.0;
				TARGETED_DEVICE_FAMILY = "1,2";
			};
			name = Debug;
		};
		8473DE4E24E0C6950039D437 /* Release */ = {
			isa = XCBuildConfiguration;
			baseConfigurationReference = 08C3180B5485D5EF52EC87A8 /* Pods-Lingo Chat.release.xcconfig */;
			buildSettings = {
				ASSETCATALOG_COMPILER_APPICON_NAME = AppIcon;
				CODE_SIGN_ENTITLEMENTS = "Lingo Chat/Lingo Chat.entitlements";
				CODE_SIGN_STYLE = Automatic;
				INFOPLIST_FILE = "Lingo Chat/Info.plist";
				LD_RUNPATH_SEARCH_PATHS = (
					"$(inherited)",
					"@executable_path/Frameworks",
				);
				PRODUCT_BUNDLE_IDENTIFIER = "myapps.Lingo-Chat";
				PRODUCT_NAME = "$(TARGET_NAME)";
				SWIFT_VERSION = 5.0;
				TARGETED_DEVICE_FAMILY = "1,2";
			};
			name = Release;
		};
/* End XCBuildConfiguration section */

/* Begin XCConfigurationList section */
		8473DE3324E0C6930039D437 /* Build configuration list for PBXProject "Lingo Chat" */ = {
			isa = XCConfigurationList;
			buildConfigurations = (
				8473DE4A24E0C6950039D437 /* Debug */,
				8473DE4B24E0C6950039D437 /* Release */,
			);
			defaultConfigurationIsVisible = 0;
			defaultConfigurationName = Release;
		};
		8473DE4C24E0C6950039D437 /* Build configuration list for PBXNativeTarget "Lingo Chat" */ = {
			isa = XCConfigurationList;
			buildConfigurations = (
				8473DE4D24E0C6950039D437 /* Debug */,
				8473DE4E24E0C6950039D437 /* Release */,
			);
			defaultConfigurationIsVisible = 0;
			defaultConfigurationName = Release;
		};
/* End XCConfigurationList section */
	};
	rootObject = 8473DE3024E0C6930039D437 /* Project object */;
}
